
Microsoft Visual Studio Solution File, Format Version 12.00
# Visual Studio Version 17
VisualStudioVersion = 17.11.35312.102
MinimumVisualStudioVersion = 10.0.40219.1
Project("{FAE04EC0-301F-11D3-BF4B-00C04F79EFBC}") = "QLBANVEXEMPHIM", "QLBANVEXEMPHIM\QLBANVEXEMPHIM.csproj", "{07087CBC-37BD-4E31-9B4C-8241BE1E0A56}"
EndProject
Global
	GlobalSection(SolutionConfigurationPlatforms) = preSolution
		Debug|Any CPU = Debug|Any CPU
		Release|Any CPU = Release|Any CPU
	EndGlobalSection
	GlobalSection(ProjectConfigurationPlatforms) = postSolution
		{07087CBC-37BD-4E31-9B4C-8241BE1E0A56}.Debug|Any CPU.ActiveCfg = Debug|Any CPU
		{07087CBC-37BD-4E31-9B4C-8241BE1E0A56}.Debug|Any CPU.Build.0 = Debug|Any CPU
		{07087CBC-37BD-4E31-9B4C-8241BE1E0A56}.Release|Any CPU.ActiveCfg = Release|Any CPU
		{07087CBC-37BD-4E31-9B4C-8241BE1E0A56}.Release|Any CPU.Build.0 = Release|Any CPU
	EndGlobalSection
	GlobalSection(SolutionProperties) = preSolution
		HideSolutionNode = FALSE
	EndGlobalSection
	GlobalSection(ExtensibilityGlobals) = postSolution
		SolutionGuid = {027672E1-4FC2-4B8A-BA87-DF3806D8F9B5}
	EndGlobalSection
EndGlobal
